
Microsoft Visual Studio Solution File, Format Version 12.00
# Visual Studio 15
VisualStudioVersion = 15.0.28307.779
MinimumVisualStudioVersion = 10.0.40219.1
Project("{FAE04EC0-301F-11D3-BF4B-00C04F79EFBC}") = "MinhasFinancas", "MinhasFinancas\MinhasFinancas.csproj", "{161B28BA-B36A-4C29-84F6-5D3E6A166C41}"
EndProject
Global
	GlobalSection(SolutionConfigurationPlatforms) = preSolution
		Debug|Any CPU = Debug|Any CPU
		Release|Any CPU = Release|Any CPU
	EndGlobalSection
	GlobalSection(ProjectConfigurationPlatforms) = postSolution
		{161B28BA-B36A-4C29-84F6-5D3E6A166C41}.Debug|Any CPU.ActiveCfg = Debug|Any CPU
		{161B28BA-B36A-4C29-84F6-5D3E6A166C41}.Debug|Any CPU.Build.0 = Debug|Any CPU
		{161B28BA-B36A-4C29-84F6-5D3E6A166C41}.Release|Any CPU.ActiveCfg = Release|Any CPU
		{161B28BA-B36A-4C29-84F6-5D3E6A166C41}.Release|Any CPU.Build.0 = Release|Any CPU
	EndGlobalSection
	GlobalSection(SolutionProperties) = preSolution
		HideSolutionNode = FALSE
	EndGlobalSection
	GlobalSection(ExtensibilityGlobals) = postSolution
		SolutionGuid = {5CB24FAF-8B18-4206-87B0-D63C1AD7E3BE}
	EndGlobalSection
EndGlobal
